
Microsoft Visual Studio Solution File, Format Version 12.00
# Visual Studio Version 17
VisualStudioVersion = 17.14.36109.1
MinimumVisualStudioVersion = 10.0.40219.1
Project("{FAE04EC0-301F-11D3-BF4B-00C04F79EFBC}") = "ConsoleApp", "src\ConsoleApp\ConsoleApp.csproj", "{C5CED3A0-219E-AC03-5A15-484E0379E023}"
EndProject
Project("{2150E333-8FDC-42A3-9474-1A3956D46DE8}") = "Solution Items", "Solution Items", "{02EA681E-C7D8-13C7-8484-4AC65E1B71E8}"
	ProjectSection(SolutionItems) = preProject
		.gitignore = .gitignore
		Directory.Build.props = Directory.Build.props
		LICENSE = LICENSE
		README.md = README.md
	EndProjectSection
EndProject
Project("{FAE04EC0-301F-11D3-BF4B-00C04F79EFBC}") = "Loggers", "src\Loggers\Loggers.csproj", "{04F1E6F7-4922-4998-97FC-7659BE3278CA}"
EndProject
Project("{2150E333-8FDC-42A3-9474-1A3956D46DE8}") = "tests", "tests", "{7A7F2B1F-9ACA-478F-8DB3-A9A2FF236388}"
EndProject
Project("{FAE04EC0-301F-11D3-BF4B-00C04F79EFBC}") = "LoggerBenchMarkTests", "tests\benchmarktests\LoggerBenchMarkTests\LoggerBenchMarkTests.csproj", "{604C2961-075D-64A3-0417-B9EC1D9EAC88}"
EndProject
Project("{FAE04EC0-301F-11D3-BF4B-00C04F79EFBC}") = "HttpHarness", "tests\httpharness\HttpHarness.csproj", "{AFF9CFA5-21D6-A182-1F84-76B908C0FBC3}"
EndProject
Project("{FAE04EC0-301F-11D3-BF4B-00C04F79EFBC}") = "Core", "src\Core\Core.csproj", "{8271C819-5F9D-4EC9-9A73-71F834FC2321}"
EndProject
Project("{FAE04EC0-301F-11D3-BF4B-00C04F79EFBC}") = "Core.UnitTests", "tests\Core.UnitTests\Core.UnitTests.csproj", "{9059217B-EA57-4911-A02A-14E4E33E02B8}"
EndProject
Project("{FAE04EC0-301F-11D3-BF4B-00C04F79EFBC}") = "Logger.UnitTests", "tests\Logger.UnitTets\Logger.UnitTests.csproj", "{7DCE31A4-67F5-4146-AD92-7F16EB324B7D}"
EndProject
Project("{2150E333-8FDC-42A3-9474-1A3956D46DE8}") = ".github", ".github", "{E62FFC80-B440-413C-81C9-BB7E29D6D265}"
	ProjectSection(SolutionItems) = preProject
		.github\workflows\dotnet.yml = .github\workflows\dotnet.yml
		.github\ruleset.yml = .github\ruleset.yml
	EndProjectSection
EndProject
Global
	GlobalSection(SolutionConfigurationPlatforms) = preSolution
		Debug|Any CPU = Debug|Any CPU
		Release|Any CPU = Release|Any CPU
	EndGlobalSection
	GlobalSection(ProjectConfigurationPlatforms) = postSolution
		{C5CED3A0-219E-AC03-5A15-484E0379E023}.Debug|Any CPU.ActiveCfg = Debug|Any CPU
		{C5CED3A0-219E-AC03-5A15-484E0379E023}.Debug|Any CPU.Build.0 = Debug|Any CPU
		{C5CED3A0-219E-AC03-5A15-484E0379E023}.Release|Any CPU.ActiveCfg = Release|Any CPU
		{C5CED3A0-219E-AC03-5A15-484E0379E023}.Release|Any CPU.Build.0 = Release|Any CPU
		{04F1E6F7-4922-4998-97FC-7659BE3278CA}.Debug|Any CPU.ActiveCfg = Debug|Any CPU
		{04F1E6F7-4922-4998-97FC-7659BE3278CA}.Debug|Any CPU.Build.0 = Debug|Any CPU
		{04F1E6F7-4922-4998-97FC-7659BE3278CA}.Release|Any CPU.ActiveCfg = Release|Any CPU
		{04F1E6F7-4922-4998-97FC-7659BE3278CA}.Release|Any CPU.Build.0 = Release|Any CPU
		{604C2961-075D-64A3-0417-B9EC1D9EAC88}.Debug|Any CPU.ActiveCfg = Debug|Any CPU
		{604C2961-075D-64A3-0417-B9EC1D9EAC88}.Debug|Any CPU.Build.0 = Debug|Any CPU
		{604C2961-075D-64A3-0417-B9EC1D9EAC88}.Release|Any CPU.ActiveCfg = Release|Any CPU
		{604C2961-075D-64A3-0417-B9EC1D9EAC88}.Release|Any CPU.Build.0 = Release|Any CPU
		{AFF9CFA5-21D6-A182-1F84-76B908C0FBC3}.Debug|Any CPU.ActiveCfg = Debug|Any CPU
		{AFF9CFA5-21D6-A182-1F84-76B908C0FBC3}.Debug|Any CPU.Build.0 = Debug|Any CPU
		{AFF9CFA5-21D6-A182-1F84-76B908C0FBC3}.Release|Any CPU.ActiveCfg = Release|Any CPU
		{AFF9CFA5-21D6-A182-1F84-76B908C0FBC3}.Release|Any CPU.Build.0 = Release|Any CPU
		{8271C819-5F9D-4EC9-9A73-71F834FC2321}.Debug|Any CPU.ActiveCfg = Debug|Any CPU
		{8271C819-5F9D-4EC9-9A73-71F834FC2321}.Debug|Any CPU.Build.0 = Debug|Any CPU
		{8271C819-5F9D-4EC9-9A73-71F834FC2321}.Release|Any CPU.ActiveCfg = Release|Any CPU
		{8271C819-5F9D-4EC9-9A73-71F834FC2321}.Release|Any CPU.Build.0 = Release|Any CPU
		{9059217B-EA57-4911-A02A-14E4E33E02B8}.Debug|Any CPU.ActiveCfg = Debug|Any CPU
		{9059217B-EA57-4911-A02A-14E4E33E02B8}.Debug|Any CPU.Build.0 = Debug|Any CPU
		{9059217B-EA57-4911-A02A-14E4E33E02B8}.Release|Any CPU.ActiveCfg = Release|Any CPU
		{9059217B-EA57-4911-A02A-14E4E33E02B8}.Release|Any CPU.Build.0 = Release|Any CPU
		{7DCE31A4-67F5-4146-AD92-7F16EB324B7D}.Debug|Any CPU.ActiveCfg = Debug|Any CPU
		{7DCE31A4-67F5-4146-AD92-7F16EB324B7D}.Debug|Any CPU.Build.0 = Debug|Any CPU
		{7DCE31A4-67F5-4146-AD92-7F16EB324B7D}.Release|Any CPU.ActiveCfg = Release|Any CPU
		{7DCE31A4-67F5-4146-AD92-7F16EB324B7D}.Release|Any CPU.Build.0 = Release|Any CPU
	EndGlobalSection
	GlobalSection(SolutionProperties) = preSolution
		HideSolutionNode = FALSE
	EndGlobalSection
	GlobalSection(NestedProjects) = preSolution
		{604C2961-075D-64A3-0417-B9EC1D9EAC88} = {7A7F2B1F-9ACA-478F-8DB3-A9A2FF236388}
		{AFF9CFA5-21D6-A182-1F84-76B908C0FBC3} = {7A7F2B1F-9ACA-478F-8DB3-A9A2FF236388}
		{9059217B-EA57-4911-A02A-14E4E33E02B8} = {7A7F2B1F-9ACA-478F-8DB3-A9A2FF236388}
		{7DCE31A4-67F5-4146-AD92-7F16EB324B7D} = {7A7F2B1F-9ACA-478F-8DB3-A9A2FF236388}
	EndGlobalSection
	GlobalSection(ExtensibilityGlobals) = postSolution
		SolutionGuid = {0250F80D-416D-4C8C-AF1C-EEDB4D5D8CB7}
	EndGlobalSection
EndGlobal
